
Microsoft Visual Studio Solution File, Format Version 12.00
# Visual Studio Version 17
VisualStudioVersion = 17.5.33516.290
MinimumVisualStudioVersion = 10.0.40219.1
Project("{FAE04EC0-301F-11D3-BF4B-00C04F79EFBC}") = "Adventure", "Adventure.csproj", "{B6D5FB94-E135-4765-9322-97E1CA6ABA0A}"
EndProject
Global
	GlobalSection(SolutionConfigurationPlatforms) = preSolution
		Debug|Any CPU = Debug|Any CPU
		Release|Any CPU = Release|Any CPU
	EndGlobalSection
	GlobalSection(ProjectConfigurationPlatforms) = postSolution
		{B6D5FB94-E135-4765-9322-97E1CA6ABA0A}.Debug|Any CPU.ActiveCfg = Debug|Any CPU
		{B6D5FB94-E135-4765-9322-97E1CA6ABA0A}.Debug|Any CPU.Build.0 = Debug|Any CPU
		{B6D5FB94-E135-4765-9322-97E1CA6ABA0A}.Release|Any CPU.ActiveCfg = Release|Any CPU
		{B6D5FB94-E135-4765-9322-97E1CA6ABA0A}.Release|Any CPU.Build.0 = Release|Any CPU
	EndGlobalSection
	GlobalSection(SolutionProperties) = preSolution
		HideSolutionNode = FALSE
	EndGlobalSection
	GlobalSection(ExtensibilityGlobals) = postSolution
		SolutionGuid = {AC43BF0D-E276-4444-87DB-D016045D3440}
	EndGlobalSection
EndGlobal
